
Microsoft Visual Studio Solution File, Format Version 12.00
# Visual Studio 2013
Project("{FAE04EC0-301F-11D3-BF4B-00C04F79EFBC}") = "UnityVS.Insect of Terror.CSharp.Plugins", "UnityVS.Insect of Terror.CSharp.Plugins.csproj", "{E0E4ADF0-4CB3-D1A1-DC28-9856A4A2AF92}"
EndProject
Project("{FAE04EC0-301F-11D3-BF4B-00C04F79EFBC}") = "UnityVS.Insect of Terror.CSharp", "UnityVS.Insect of Terror.CSharp.csproj", "{9188DB35-7FB9-2DC9-692B-7A026CAD8359}"
EndProject
Project("{FAE04EC0-301F-11D3-BF4B-00C04F79EFBC}") = "UnityVS.Insect of Terror.CSharp.Editor.Plugins", "UnityVS.Insect of Terror.CSharp.Editor.Plugins.csproj", "{CFEF28A0-D96B-4B70-2DA4-4529E701CB15}"
EndProject
Global
	GlobalSection(SolutionConfigurationPlatforms) = preSolution
		Debug|Any CPU = Debug|Any CPU
		Release|Any CPU = Release|Any CPU
	EndGlobalSection
	GlobalSection(ProjectConfigurationPlatforms) = postSolution
		{E0E4ADF0-4CB3-D1A1-DC28-9856A4A2AF92}.Debug|Any CPU.ActiveCfg = Debug|Any CPU
		{E0E4ADF0-4CB3-D1A1-DC28-9856A4A2AF92}.Debug|Any CPU.Build.0 = Debug|Any CPU
		{E0E4ADF0-4CB3-D1A1-DC28-9856A4A2AF92}.Release|Any CPU.ActiveCfg = Release|Any CPU
		{E0E4ADF0-4CB3-D1A1-DC28-9856A4A2AF92}.Release|Any CPU.Build.0 = Release|Any CPU
		{9188DB35-7FB9-2DC9-692B-7A026CAD8359}.Debug|Any CPU.ActiveCfg = Debug|Any CPU
		{9188DB35-7FB9-2DC9-692B-7A026CAD8359}.Debug|Any CPU.Build.0 = Debug|Any CPU
		{9188DB35-7FB9-2DC9-692B-7A026CAD8359}.Release|Any CPU.ActiveCfg = Release|Any CPU
		{9188DB35-7FB9-2DC9-692B-7A026CAD8359}.Release|Any CPU.Build.0 = Release|Any CPU
		{CFEF28A0-D96B-4B70-2DA4-4529E701CB15}.Debug|Any CPU.ActiveCfg = Debug|Any CPU
		{CFEF28A0-D96B-4B70-2DA4-4529E701CB15}.Debug|Any CPU.Build.0 = Debug|Any CPU
		{CFEF28A0-D96B-4B70-2DA4-4529E701CB15}.Release|Any CPU.ActiveCfg = Release|Any CPU
		{CFEF28A0-D96B-4B70-2DA4-4529E701CB15}.Release|Any CPU.Build.0 = Release|Any CPU
	EndGlobalSection
	GlobalSection(SolutionProperties) = preSolution
		HideSolutionNode = FALSE
	EndGlobalSection
EndGlobal
